
Microsoft Visual Studio Solution File, Format Version 12.00
# Visual Studio Version 16
VisualStudioVersion = 16.0.31424.327
MinimumVisualStudioVersion = 10.0.40219.1
Project("{2150E333-8FDC-42A3-9474-1A3956D46DE8}") = "Customer", "Customer", "{05B8C415-1210-4BB2-9E34-129266FCC69C}"
EndProject
Project("{2150E333-8FDC-42A3-9474-1A3956D46DE8}") = "Account", "Account", "{59121AE2-359F-40AB-90FD-DC43827F8810}"
EndProject
Project("{2150E333-8FDC-42A3-9474-1A3956D46DE8}") = "Core", "Core", "{1C238223-44D4-44BC-A426-05A6AB0BC88E}"
EndProject
Project("{9A19103F-16F7-4668-BE54-9A1E7A4F7556}") = "Core", "Core\Core.csproj", "{FDD938FA-F867-45A5-8256-E29824DF5ED8}"
EndProject
Project("{9A19103F-16F7-4668-BE54-9A1E7A4F7556}") = "Account.Api", "Account.Api\Account.Api.csproj", "{FC7F6EB5-5132-44C2-A8C4-3BA5392856F8}"
EndProject
Project("{9A19103F-16F7-4668-BE54-9A1E7A4F7556}") = "Customer.Api", "Customer.Api\Customer.Api.csproj", "{436C4770-A091-4707-9865-908E71FFBBA0}"
EndProject
Project("{9A19103F-16F7-4668-BE54-9A1E7A4F7556}") = "Customer.Application", "Customer.Application\Customer.Application.csproj", "{B70BA4DB-3880-4BD2-98D9-F0350D5601A9}"
EndProject
Project("{9A19103F-16F7-4668-BE54-9A1E7A4F7556}") = "Customer.Domain", "Customer.Domain\Customer.Domain.csproj", "{4DA86996-FEC5-4E3A-922E-D81BE6568E72}"
EndProject
Project("{9A19103F-16F7-4668-BE54-9A1E7A4F7556}") = "Customer.Infrastructure", "Customer.Infrastructure\Customer.Infrastructure.csproj", "{31C3F57E-D26D-4D8F-A7EC-A18A53FE37AF}"
EndProject
Project("{9A19103F-16F7-4668-BE54-9A1E7A4F7556}") = "Account.Application", "Account.Application\Account.Application.csproj", "{94D6CA68-1303-479E-B187-DCC44247E29A}"
EndProject
Project("{9A19103F-16F7-4668-BE54-9A1E7A4F7556}") = "Account.Domain", "Account.Domain\Account.Domain.csproj", "{409EFBAB-0582-4C6B-9EEB-64C0761C4F5B}"
EndProject
Project("{9A19103F-16F7-4668-BE54-9A1E7A4F7556}") = "Account.Infrastructure", "Account.Infrastructure\Account.Infrastructure.csproj", "{C2CAE89A-D963-4B1C-A8FD-3E2A05C3612D}"
EndProject
Project("{2150E333-8FDC-42A3-9474-1A3956D46DE8}") = "Integration", "Integration", "{7CEC27CF-2256-4EA1-B7D7-E57B5F3322DF}"
EndProject
Project("{9A19103F-16F7-4668-BE54-9A1E7A4F7556}") = "IntegrationLog.Infrastructure", "IntegrationLog.Infrastructure\IntegrationLog.Infrastructure.csproj", "{F2492FAA-42B0-4C46-AD3B-0D6C2C171940}"
EndProject
Project("{9A19103F-16F7-4668-BE54-9A1E7A4F7556}") = "IntegrationLog.Domain", "IntegrationLog.Domain\IntegrationLog.Domain.csproj", "{9D274F07-EF4A-4CB7-B452-D48E6B1D1366}"
EndProject
Project("{2150E333-8FDC-42A3-9474-1A3956D46DE8}") = "Commons", "Commons", "{BB2CDA01-6765-4422-A73C-BFFDD971F317}"
EndProject
Project("{9A19103F-16F7-4668-BE54-9A1E7A4F7556}") = "Common", "Common\Common.csproj", "{4B6A242D-98D1-4E19-BC9B-2615AE00E3CE}"
EndProject
Project("{E53339B2-1760-4266-BCC7-CA923CBCF16C}") = "docker-compose", "docker-compose.dcproj", "{945F4FC6-E5BF-4F52-8343-3317DC5D4053}"
EndProject
Project("{9A19103F-16F7-4668-BE54-9A1E7A4F7556}") = "Bus.DependencyInjection", "Bus.DependencyInjection\Bus.DependencyInjection.csproj", "{F1BC1CC7-03C6-48FD-A21F-33E1C582DF8A}"
EndProject
Project("{9A19103F-16F7-4668-BE54-9A1E7A4F7556}") = "Customer.Domain.Test", "Customer.Domain.Test\Customer.Domain.Test.csproj", "{33E649CC-4976-4058-876A-AFE881F6B56F}"
EndProject
Project("{9A19103F-16F7-4668-BE54-9A1E7A4F7556}") = "Account.Domain.Test", "Account.Domain.Test\Account.Domain.Test.csproj", "{A334E160-006A-4B8D-8F2B-44216E6F87E4}"
EndProject
Project("{2150E333-8FDC-42A3-9474-1A3956D46DE8}") = "Solution Items", "Solution Items", "{FCE5F475-3E1C-4BAA-8F4F-2C433C45ACC0}"
	ProjectSection(SolutionItems) = preProject
		.editorconfig = .editorconfig
		.github\workflows\DockerBuild.yml = .github\workflows\DockerBuild.yml
		.github\workflows\test.yml = .github\workflows\test.yml
	EndProjectSection
EndProject
Global
	GlobalSection(SolutionConfigurationPlatforms) = preSolution
		Debug|Any CPU = Debug|Any CPU
		Release|Any CPU = Release|Any CPU
	EndGlobalSection
	GlobalSection(ProjectConfigurationPlatforms) = postSolution
		{FDD938FA-F867-45A5-8256-E29824DF5ED8}.Debug|Any CPU.ActiveCfg = Debug|Any CPU
		{FDD938FA-F867-45A5-8256-E29824DF5ED8}.Debug|Any CPU.Build.0 = Debug|Any CPU
		{FDD938FA-F867-45A5-8256-E29824DF5ED8}.Release|Any CPU.ActiveCfg = Release|Any CPU
		{FDD938FA-F867-45A5-8256-E29824DF5ED8}.Release|Any CPU.Build.0 = Release|Any CPU
		{FC7F6EB5-5132-44C2-A8C4-3BA5392856F8}.Debug|Any CPU.ActiveCfg = Debug|Any CPU
		{FC7F6EB5-5132-44C2-A8C4-3BA5392856F8}.Debug|Any CPU.Build.0 = Debug|Any CPU
		{FC7F6EB5-5132-44C2-A8C4-3BA5392856F8}.Release|Any CPU.ActiveCfg = Release|Any CPU
		{FC7F6EB5-5132-44C2-A8C4-3BA5392856F8}.Release|Any CPU.Build.0 = Release|Any CPU
		{436C4770-A091-4707-9865-908E71FFBBA0}.Debug|Any CPU.ActiveCfg = Debug|Any CPU
		{436C4770-A091-4707-9865-908E71FFBBA0}.Debug|Any CPU.Build.0 = Debug|Any CPU
		{436C4770-A091-4707-9865-908E71FFBBA0}.Release|Any CPU.ActiveCfg = Release|Any CPU
		{436C4770-A091-4707-9865-908E71FFBBA0}.Release|Any CPU.Build.0 = Release|Any CPU
		{B70BA4DB-3880-4BD2-98D9-F0350D5601A9}.Debug|Any CPU.ActiveCfg = Debug|Any CPU
		{B70BA4DB-3880-4BD2-98D9-F0350D5601A9}.Debug|Any CPU.Build.0 = Debug|Any CPU
		{B70BA4DB-3880-4BD2-98D9-F0350D5601A9}.Release|Any CPU.ActiveCfg = Release|Any CPU
		{B70BA4DB-3880-4BD2-98D9-F0350D5601A9}.Release|Any CPU.Build.0 = Release|Any CPU
		{4DA86996-FEC5-4E3A-922E-D81BE6568E72}.Debug|Any CPU.ActiveCfg = Debug|Any CPU
		{4DA86996-FEC5-4E3A-922E-D81BE6568E72}.Debug|Any CPU.Build.0 = Debug|Any CPU
		{4DA86996-FEC5-4E3A-922E-D81BE6568E72}.Release|Any CPU.ActiveCfg = Release|Any CPU
		{4DA86996-FEC5-4E3A-922E-D81BE6568E72}.Release|Any CPU.Build.0 = Release|Any CPU
		{31C3F57E-D26D-4D8F-A7EC-A18A53FE37AF}.Debug|Any CPU.ActiveCfg = Debug|Any CPU
		{31C3F57E-D26D-4D8F-A7EC-A18A53FE37AF}.Debug|Any CPU.Build.0 = Debug|Any CPU
		{31C3F57E-D26D-4D8F-A7EC-A18A53FE37AF}.Release|Any CPU.ActiveCfg = Release|Any CPU
		{31C3F57E-D26D-4D8F-A7EC-A18A53FE37AF}.Release|Any CPU.Build.0 = Release|Any CPU
		{94D6CA68-1303-479E-B187-DCC44247E29A}.Debug|Any CPU.ActiveCfg = Debug|Any CPU
		{94D6CA68-1303-479E-B187-DCC44247E29A}.Debug|Any CPU.Build.0 = Debug|Any CPU
		{94D6CA68-1303-479E-B187-DCC44247E29A}.Release|Any CPU.ActiveCfg = Release|Any CPU
		{94D6CA68-1303-479E-B187-DCC44247E29A}.Release|Any CPU.Build.0 = Release|Any CPU
		{409EFBAB-0582-4C6B-9EEB-64C0761C4F5B}.Debug|Any CPU.ActiveCfg = Debug|Any CPU
		{409EFBAB-0582-4C6B-9EEB-64C0761C4F5B}.Debug|Any CPU.Build.0 = Debug|Any CPU
		{409EFBAB-0582-4C6B-9EEB-64C0761C4F5B}.Release|Any CPU.ActiveCfg = Release|Any CPU
		{409EFBAB-0582-4C6B-9EEB-64C0761C4F5B}.Release|Any CPU.Build.0 = Release|Any CPU
		{C2CAE89A-D963-4B1C-A8FD-3E2A05C3612D}.Debug|Any CPU.ActiveCfg = Debug|Any CPU
		{C2CAE89A-D963-4B1C-A8FD-3E2A05C3612D}.Debug|Any CPU.Build.0 = Debug|Any CPU
		{C2CAE89A-D963-4B1C-A8FD-3E2A05C3612D}.Release|Any CPU.ActiveCfg = Release|Any CPU
		{C2CAE89A-D963-4B1C-A8FD-3E2A05C3612D}.Release|Any CPU.Build.0 = Release|Any CPU
		{F2492FAA-42B0-4C46-AD3B-0D6C2C171940}.Debug|Any CPU.ActiveCfg = Debug|Any CPU
		{F2492FAA-42B0-4C46-AD3B-0D6C2C171940}.Debug|Any CPU.Build.0 = Debug|Any CPU
		{F2492FAA-42B0-4C46-AD3B-0D6C2C171940}.Release|Any CPU.ActiveCfg = Release|Any CPU
		{F2492FAA-42B0-4C46-AD3B-0D6C2C171940}.Release|Any CPU.Build.0 = Release|Any CPU
		{9D274F07-EF4A-4CB7-B452-D48E6B1D1366}.Debug|Any CPU.ActiveCfg = Debug|Any CPU
		{9D274F07-EF4A-4CB7-B452-D48E6B1D1366}.Debug|Any CPU.Build.0 = Debug|Any CPU
		{9D274F07-EF4A-4CB7-B452-D48E6B1D1366}.Release|Any CPU.ActiveCfg = Release|Any CPU
		{9D274F07-EF4A-4CB7-B452-D48E6B1D1366}.Release|Any CPU.Build.0 = Release|Any CPU
		{4B6A242D-98D1-4E19-BC9B-2615AE00E3CE}.Debug|Any CPU.ActiveCfg = Debug|Any CPU
		{4B6A242D-98D1-4E19-BC9B-2615AE00E3CE}.Debug|Any CPU.Build.0 = Debug|Any CPU
		{4B6A242D-98D1-4E19-BC9B-2615AE00E3CE}.Release|Any CPU.ActiveCfg = Release|Any CPU
		{4B6A242D-98D1-4E19-BC9B-2615AE00E3CE}.Release|Any CPU.Build.0 = Release|Any CPU
		{945F4FC6-E5BF-4F52-8343-3317DC5D4053}.Debug|Any CPU.ActiveCfg = Debug|Any CPU
		{945F4FC6-E5BF-4F52-8343-3317DC5D4053}.Debug|Any CPU.Build.0 = Debug|Any CPU
		{945F4FC6-E5BF-4F52-8343-3317DC5D4053}.Release|Any CPU.ActiveCfg = Release|Any CPU
		{945F4FC6-E5BF-4F52-8343-3317DC5D4053}.Release|Any CPU.Build.0 = Release|Any CPU
		{F1BC1CC7-03C6-48FD-A21F-33E1C582DF8A}.Debug|Any CPU.ActiveCfg = Debug|Any CPU
		{F1BC1CC7-03C6-48FD-A21F-33E1C582DF8A}.Debug|Any CPU.Build.0 = Debug|Any CPU
		{F1BC1CC7-03C6-48FD-A21F-33E1C582DF8A}.Release|Any CPU.ActiveCfg = Release|Any CPU
		{F1BC1CC7-03C6-48FD-A21F-33E1C582DF8A}.Release|Any CPU.Build.0 = Release|Any CPU
		{33E649CC-4976-4058-876A-AFE881F6B56F}.Debug|Any CPU.ActiveCfg = Debug|Any CPU
		{33E649CC-4976-4058-876A-AFE881F6B56F}.Debug|Any CPU.Build.0 = Debug|Any CPU
		{33E649CC-4976-4058-876A-AFE881F6B56F}.Release|Any CPU.ActiveCfg = Release|Any CPU
		{33E649CC-4976-4058-876A-AFE881F6B56F}.Release|Any CPU.Build.0 = Release|Any CPU
		{A334E160-006A-4B8D-8F2B-44216E6F87E4}.Debug|Any CPU.ActiveCfg = Debug|Any CPU
		{A334E160-006A-4B8D-8F2B-44216E6F87E4}.Debug|Any CPU.Build.0 = Debug|Any CPU
		{A334E160-006A-4B8D-8F2B-44216E6F87E4}.Release|Any CPU.ActiveCfg = Release|Any CPU
		{A334E160-006A-4B8D-8F2B-44216E6F87E4}.Release|Any CPU.Build.0 = Release|Any CPU
	EndGlobalSection
	GlobalSection(SolutionProperties) = preSolution
		HideSolutionNode = FALSE
	EndGlobalSection
	GlobalSection(NestedProjects) = preSolution
		{FDD938FA-F867-45A5-8256-E29824DF5ED8} = {1C238223-44D4-44BC-A426-05A6AB0BC88E}
		{FC7F6EB5-5132-44C2-A8C4-3BA5392856F8} = {59121AE2-359F-40AB-90FD-DC43827F8810}
		{436C4770-A091-4707-9865-908E71FFBBA0} = {05B8C415-1210-4BB2-9E34-129266FCC69C}
		{B70BA4DB-3880-4BD2-98D9-F0350D5601A9} = {05B8C415-1210-4BB2-9E34-129266FCC69C}
		{4DA86996-FEC5-4E3A-922E-D81BE6568E72} = {05B8C415-1210-4BB2-9E34-129266FCC69C}
		{31C3F57E-D26D-4D8F-A7EC-A18A53FE37AF} = {05B8C415-1210-4BB2-9E34-129266FCC69C}
		{94D6CA68-1303-479E-B187-DCC44247E29A} = {59121AE2-359F-40AB-90FD-DC43827F8810}
		{409EFBAB-0582-4C6B-9EEB-64C0761C4F5B} = {59121AE2-359F-40AB-90FD-DC43827F8810}
		{C2CAE89A-D963-4B1C-A8FD-3E2A05C3612D} = {59121AE2-359F-40AB-90FD-DC43827F8810}
		{F2492FAA-42B0-4C46-AD3B-0D6C2C171940} = {7CEC27CF-2256-4EA1-B7D7-E57B5F3322DF}
		{9D274F07-EF4A-4CB7-B452-D48E6B1D1366} = {7CEC27CF-2256-4EA1-B7D7-E57B5F3322DF}
		{4B6A242D-98D1-4E19-BC9B-2615AE00E3CE} = {BB2CDA01-6765-4422-A73C-BFFDD971F317}
		{F1BC1CC7-03C6-48FD-A21F-33E1C582DF8A} = {BB2CDA01-6765-4422-A73C-BFFDD971F317}
		{33E649CC-4976-4058-876A-AFE881F6B56F} = {05B8C415-1210-4BB2-9E34-129266FCC69C}
		{A334E160-006A-4B8D-8F2B-44216E6F87E4} = {59121AE2-359F-40AB-90FD-DC43827F8810}
	EndGlobalSection
	GlobalSection(ExtensibilityGlobals) = postSolution
		SolutionGuid = {A0686932-93AC-4440-BF29-AA3BA8E7D2C0}
	EndGlobalSection
EndGlobal
